{
  "name": "@j3f3/jero-test",
  "version": "1.0.10",
  "lockfileVersion": 3,
  "requires": true,
  "packages": {
    "": {
      "name": "@j3f3/jero-test",
      "version": "1.0.10",
      "license": "ISC",
      "dependencies": {
        "babylonjs": "^5.45.0"
      }
    },
    "node_modules/babylonjs": {
      "version": "5.45.0",
      "resolved": "https://registry.npmjs.org/babylonjs/-/babylonjs-5.45.0.tgz",
      "integrity": "sha512-AgtssqHGlzWSJVESSY1jSyXNaGIg8CwT6nLrkdqIrkwFNpsGlc57ELxl4nGe9BOgY440gTh9fcnT6q4zyLnB+Q==",
      "hasInstallScript": true
    }
  }
}
