{
    "name": "@j3f3/npm-test",
    "version": "0.0.0",
    "lockfileVersion": 3,
    "requires": true,
    "packages": {
        "": {
            "name": "@j3f3/npm-test",
            "version": "0.0.0",
            "license": "ISC",
            "dependencies": {
                "@lastolivegames/becsy": "^0.14.3"
            }
        },
        "node_modules/@lastolivegames/becsy": {
            "version": "0.14.3",
            "resolved": "https://registry.npmjs.org/@lastolivegames/becsy/-/becsy-0.14.3.tgz",
            "integrity": "sha512-0pjfeYj6w3YNMsWqwxBCjkbjCWH6Ke1V4BVFf+NrnIELrAvT5ybfr9FfEtr4HLAAGffJtFLeFKSZMDEv/aExkg==",
            "engines": {
                "node": ">=12"
            }
        }
    }
}
